Microsoft Visual Studio Solution File, Format Version 12.00
# Visual Studio 14
VisualStudioVersion = 14.0.23107.0
MinimumVisualStudioVersion = 10.0.40219.1
Project("{8BC9CEB8-8B4A-11D0-8D11-00A0C91BC942}") = "Dragonfly", "Dragonfly\Dragonfly.vcxproj", "{2933FFD1-9244-4D04-894D-EF64CB61AD4B}"
EndProject
Project("{8BC9CEB8-8B4A-11D0-8D11-00A0C91BC942}") = "TestGame", "TestGame\TestGame.vcxproj", "{0E658580-EE34-49AF-8F53-D7450AA5634A}"
EndProject
Project("{8BC9CEB8-8B4A-11D0-8D11-00A0C91BC942}") = "DragonflyTests", "DragonflyTests\DragonflyTests.vcxproj", "{8D246052-BEF7-4647-9B3E-3789D8F45578}"
EndProject
Project("{8BC9CEB8-8B4A-11D0-8D11-00A0C91BC942}") = "CollisionTest", "CollisionTest\CollisionTest.vcxproj", "{F99484E4-7AAB-4393-81AB-9B7DA160C687}"
EndProject
Global
	GlobalSection(SolutionConfigurationPlatforms) = preSolution
		Debug|ARM = Debug|ARM
		Debug|x64 = Debug|x64
		Debug|x86 = Debug|x86
		Release|ARM = Release|ARM
		Release|x64 = Release|x64
		Release|x86 = Release|x86
	EndGlobalSection
	GlobalSection(ProjectConfigurationPlatforms) = postSolution
		{2933FFD1-9244-4D04-894D-EF64CB61AD4B}.Debug|ARM.ActiveCfg = Debug|Win32
		{2933FFD1-9244-4D04-894D-EF64CB61AD4B}.Debug|x64.ActiveCfg = Debug|x64
		{2933FFD1-9244-4D04-894D-EF64CB61AD4B}.Debug|x64.Build.0 = Debug|x64
		{2933FFD1-9244-4D04-894D-EF64CB61AD4B}.Debug|x86.ActiveCfg = Debug|Win32
		{2933FFD1-9244-4D04-894D-EF64CB61AD4B}.Debug|x86.Build.0 = Debug|Win32
		{2933FFD1-9244-4D04-894D-EF64CB61AD4B}.Release|ARM.ActiveCfg = Release|Win32
		{2933FFD1-9244-4D04-894D-EF64CB61AD4B}.Release|x64.ActiveCfg = Release|x64
		{2933FFD1-9244-4D04-894D-EF64CB61AD4B}.Release|x64.Build.0 = Release|x64
		{2933FFD1-9244-4D04-894D-EF64CB61AD4B}.Release|x86.ActiveCfg = Debug|Win32
		{2933FFD1-9244-4D04-894D-EF64CB61AD4B}.Release|x86.Build.0 = Debug|Win32
		{0E658580-EE34-49AF-8F53-D7450AA5634A}.Debug|ARM.ActiveCfg = Debug|Win32
		{0E658580-EE34-49AF-8F53-D7450AA5634A}.Debug|x64.ActiveCfg = Debug|x64
		{0E658580-EE34-49AF-8F53-D7450AA5634A}.Debug|x64.Build.0 = Debug|x64
		{0E658580-EE34-49AF-8F53-D7450AA5634A}.Debug|x86.ActiveCfg = Debug|Win32
		{0E658580-EE34-49AF-8F53-D7450AA5634A}.Debug|x86.Build.0 = Debug|Win32
		{0E658580-EE34-49AF-8F53-D7450AA5634A}.Release|ARM.ActiveCfg = Release|Win32
		{0E658580-EE34-49AF-8F53-D7450AA5634A}.Release|x64.ActiveCfg = Release|x64
		{0E658580-EE34-49AF-8F53-D7450AA5634A}.Release|x64.Build.0 = Release|x64
		{0E658580-EE34-49AF-8F53-D7450AA5634A}.Release|x86.ActiveCfg = Debug|Win32
		{0E658580-EE34-49AF-8F53-D7450AA5634A}.Release|x86.Build.0 = Debug|Win32
		{8D246052-BEF7-4647-9B3E-3789D8F45578}.Debug|ARM.ActiveCfg = Debug|Win32
		{8D246052-BEF7-4647-9B3E-3789D8F45578}.Debug|x64.ActiveCfg = Debug|x64
		{8D246052-BEF7-4647-9B3E-3789D8F45578}.Debug|x64.Build.0 = Debug|x64
		{8D246052-BEF7-4647-9B3E-3789D8F45578}.Debug|x86.ActiveCfg = Debug|Win32
		{8D246052-BEF7-4647-9B3E-3789D8F45578}.Debug|x86.Build.0 = Debug|Win32
		{8D246052-BEF7-4647-9B3E-3789D8F45578}.Release|ARM.ActiveCfg = Release|Win32
		{8D246052-BEF7-4647-9B3E-3789D8F45578}.Release|x64.ActiveCfg = Release|x64
		{8D246052-BEF7-4647-9B3E-3789D8F45578}.Release|x64.Build.0 = Release|x64
		{8D246052-BEF7-4647-9B3E-3789D8F45578}.Release|x86.ActiveCfg = Release|Win32
		{8D246052-BEF7-4647-9B3E-3789D8F45578}.Release|x86.Build.0 = Release|Win32
		{F99484E4-7AAB-4393-81AB-9B7DA160C687}.Debug|ARM.ActiveCfg = Debug|Win32
		{F99484E4-7AAB-4393-81AB-9B7DA160C687}.Debug|x64.ActiveCfg = Debug|x64
		{F99484E4-7AAB-4393-81AB-9B7DA160C687}.Debug|x64.Build.0 = Debug|x64
		{F99484E4-7AAB-4393-81AB-9B7DA160C687}.Debug|x86.ActiveCfg = Debug|Win32
		{F99484E4-7AAB-4393-81AB-9B7DA160C687}.Debug|x86.Build.0 = Debug|Win32
		{F99484E4-7AAB-4393-81AB-9B7DA160C687}.Release|ARM.ActiveCfg = Release|Win32
		{F99484E4-7AAB-4393-81AB-9B7DA160C687}.Release|x64.ActiveCfg = Release|x64
		{F99484E4-7AAB-4393-81AB-9B7DA160C687}.Release|x64.Build.0 = Release|x64
		{F99484E4-7AAB-4393-81AB-9B7DA160C687}.Release|x86.ActiveCfg = Release|Win32
		{F99484E4-7AAB-4393-81AB-9B7DA160C687}.Release|x86.Build.0 = Release|Win32
	EndGlobalSection
	GlobalSection(SolutionProperties) = preSolution
		HideSolutionNode = FALSE
	EndGlobalSection
EndGlobal
